
Microsoft Visual Studio Solution File, Format Version 12.00
# Visual Studio 2013
VisualStudioVersion = 12.0.21005.1
MinimumVisualStudioVersion = 10.0.40219.1
Project("{FAE04EC0-301F-11D3-BF4B-00C04F79EFBC}") = "Supido.Core", "Supido.Core\Supido.Core.csproj", "{48569113-1263-42EB-BEBF-E5E295E5A89C}"
EndProject
Project("{2150E333-8FDC-42A3-9474-1A3956D46DE8}") = "05 - Core", "05 - Core", "{A9814E1B-FA68-4DB7-B67E-F2977A7B1329}"
EndProject
Project("{2150E333-8FDC-42A3-9474-1A3956D46DE8}") = "01 - AoP", "01 - AoP", "{D645A1A3-A67C-488C-9163-84564AEA82BD}"
EndProject
Project("{FAE04EC0-301F-11D3-BF4B-00C04F79EFBC}") = "Supido.Core.AoP", "Supido.Core.AoP\Supido.Core.AoP.csproj", "{9B9EF6B3-E0B4-43C0-96AF-DC268FF47E95}"
EndProject
Project("{2150E333-8FDC-42A3-9474-1A3956D46DE8}") = "02 - ScriptRunner", "02 - ScriptRunner", "{1932E431-EF5B-4AD3-8B8C-85B3970180EA}"
EndProject
Project("{FAE04EC0-301F-11D3-BF4B-00C04F79EFBC}") = "Supido.ScriptRunner", "Supido.ScriptRunner\Supido.ScriptRunner.csproj", "{647CD88A-E851-436C-A92D-F9D2A57A2E51}"
EndProject
Project("{2150E333-8FDC-42A3-9474-1A3956D46DE8}") = "03 - Business", "03 - Business", "{9C911791-98F9-45CC-813D-7B73EE821AB9}"
EndProject
Project("{FAE04EC0-301F-11D3-BF4B-00C04F79EFBC}") = "Supido.Business", "Supido.Business\Supido.Business.csproj", "{7563A878-D123-473E-9800-9FB70A30DFC1}"
EndProject
Project("{2150E333-8FDC-42A3-9474-1A3956D46DE8}") = "10 - Testing", "10 - Testing", "{4A74C5D2-2B6D-4285-97EE-266FDDEC1175}"
EndProject
Project("{FAE04EC0-301F-11D3-BF4B-00C04F79EFBC}") = "Supido.Core.Test", "Supido.Core.Test\Supido.Core.Test.csproj", "{9EBC9551-C237-4488-953A-0574901490A3}"
EndProject
Project("{2150E333-8FDC-42A3-9474-1A3956D46DE8}") = "20 - Demos", "20 - Demos", "{085A25A7-0BDC-4468-861F-ADDFCAA7B013}"
EndProject
Project("{2150E333-8FDC-42A3-9474-1A3956D46DE8}") = "04 - Model", "04 - Model", "{B431A552-0A76-4DB5-948A-5150D500D198}"
EndProject
Project("{2150E333-8FDC-42A3-9474-1A3956D46DE8}") = "02 - Service", "02 - Service", "{ABBF3825-DE6D-4A81-BD25-2AE3FDAEA487}"
EndProject
Project("{FAE04EC0-301F-11D3-BF4B-00C04F79EFBC}") = "Supido.Service", "Supido.Service\Supido.Service.csproj", "{985D7C28-17D3-44C6-A98A-3E692AA8BC50}"
EndProject
Project("{FAE04EC0-301F-11D3-BF4B-00C04F79EFBC}") = "Supido.Demo.Model", "..\Examples\Supido.Demo.Model\Supido.Demo.Model.csproj", "{C50145E6-A244-4F1F-B41F-90D1925B4A00}"
EndProject
Project("{FAE04EC0-301F-11D3-BF4B-00C04F79EFBC}") = "Supido.Demo.Service", "..\Examples\Supido.Demo.Service\Supido.Demo.Service.csproj", "{B2EC603C-538B-4626-B02A-ACC22F6D9071}"
EndProject
Project("{FAE04EC0-301F-11D3-BF4B-00C04F79EFBC}") = "TestBed", "TestBed\TestBed.csproj", "{9BA7F097-B9DC-4889-B16D-C93A64E645B0}"
EndProject
Project("{2150E333-8FDC-42A3-9474-1A3956D46DE8}") = "03 - Structure", "03 - Structure", "{3E8C3711-AC1C-4192-AEE8-86DE182FA365}"
EndProject
Project("{FAE04EC0-301F-11D3-BF4B-00C04F79EFBC}") = "Supido.Structure", "Supido.Structure\Supido.Structure.csproj", "{EAADC2D6-17EA-449B-96B4-A146CCBB5511}"
EndProject
Project("{2150E333-8FDC-42A3-9474-1A3956D46DE8}") = "04 - Templates", "04 - Templates", "{BB60813A-CE44-4743-962E-F8AE83061BE0}"
EndProject
Project("{FAE04EC0-301F-11D3-BF4B-00C04F79EFBC}") = "Supido.Templates", "Supido.Templates\Supido.Templates.csproj", "{1553723A-04FC-49C6-B8C6-0493DF844ADD}"
EndProject
Global
	GlobalSection(SolutionConfigurationPlatforms) = preSolution
		Debug|Any CPU = Debug|Any CPU
		Release|Any CPU = Release|Any CPU
	EndGlobalSection
	GlobalSection(ProjectConfigurationPlatforms) = postSolution
		{48569113-1263-42EB-BEBF-E5E295E5A89C}.Debug|Any CPU.ActiveCfg = Debug|Any CPU
		{48569113-1263-42EB-BEBF-E5E295E5A89C}.Debug|Any CPU.Build.0 = Debug|Any CPU
		{48569113-1263-42EB-BEBF-E5E295E5A89C}.Release|Any CPU.ActiveCfg = Release|Any CPU
		{48569113-1263-42EB-BEBF-E5E295E5A89C}.Release|Any CPU.Build.0 = Release|Any CPU
		{9B9EF6B3-E0B4-43C0-96AF-DC268FF47E95}.Debug|Any CPU.ActiveCfg = Debug|Any CPU
		{9B9EF6B3-E0B4-43C0-96AF-DC268FF47E95}.Debug|Any CPU.Build.0 = Debug|Any CPU
		{9B9EF6B3-E0B4-43C0-96AF-DC268FF47E95}.Release|Any CPU.ActiveCfg = Release|Any CPU
		{9B9EF6B3-E0B4-43C0-96AF-DC268FF47E95}.Release|Any CPU.Build.0 = Release|Any CPU
		{647CD88A-E851-436C-A92D-F9D2A57A2E51}.Debug|Any CPU.ActiveCfg = Debug|Any CPU
		{647CD88A-E851-436C-A92D-F9D2A57A2E51}.Debug|Any CPU.Build.0 = Debug|Any CPU
		{647CD88A-E851-436C-A92D-F9D2A57A2E51}.Release|Any CPU.ActiveCfg = Release|Any CPU
		{647CD88A-E851-436C-A92D-F9D2A57A2E51}.Release|Any CPU.Build.0 = Release|Any CPU
		{7563A878-D123-473E-9800-9FB70A30DFC1}.Debug|Any CPU.ActiveCfg = Debug|Any CPU
		{7563A878-D123-473E-9800-9FB70A30DFC1}.Debug|Any CPU.Build.0 = Debug|Any CPU
		{7563A878-D123-473E-9800-9FB70A30DFC1}.Release|Any CPU.ActiveCfg = Release|Any CPU
		{7563A878-D123-473E-9800-9FB70A30DFC1}.Release|Any CPU.Build.0 = Release|Any CPU
		{9EBC9551-C237-4488-953A-0574901490A3}.Debug|Any CPU.ActiveCfg = Debug|Any CPU
		{9EBC9551-C237-4488-953A-0574901490A3}.Debug|Any CPU.Build.0 = Debug|Any CPU
		{9EBC9551-C237-4488-953A-0574901490A3}.Release|Any CPU.ActiveCfg = Release|Any CPU
		{9EBC9551-C237-4488-953A-0574901490A3}.Release|Any CPU.Build.0 = Release|Any CPU
		{985D7C28-17D3-44C6-A98A-3E692AA8BC50}.Debug|Any CPU.ActiveCfg = Debug|Any CPU
		{985D7C28-17D3-44C6-A98A-3E692AA8BC50}.Debug|Any CPU.Build.0 = Debug|Any CPU
		{985D7C28-17D3-44C6-A98A-3E692AA8BC50}.Release|Any CPU.ActiveCfg = Release|Any CPU
		{985D7C28-17D3-44C6-A98A-3E692AA8BC50}.Release|Any CPU.Build.0 = Release|Any CPU
		{C50145E6-A244-4F1F-B41F-90D1925B4A00}.Debug|Any CPU.ActiveCfg = Debug|Any CPU
		{C50145E6-A244-4F1F-B41F-90D1925B4A00}.Debug|Any CPU.Build.0 = Debug|Any CPU
		{C50145E6-A244-4F1F-B41F-90D1925B4A00}.Release|Any CPU.ActiveCfg = Release|Any CPU
		{C50145E6-A244-4F1F-B41F-90D1925B4A00}.Release|Any CPU.Build.0 = Release|Any CPU
		{B2EC603C-538B-4626-B02A-ACC22F6D9071}.Debug|Any CPU.ActiveCfg = Debug|Any CPU
		{B2EC603C-538B-4626-B02A-ACC22F6D9071}.Debug|Any CPU.Build.0 = Debug|Any CPU
		{B2EC603C-538B-4626-B02A-ACC22F6D9071}.Release|Any CPU.ActiveCfg = Release|Any CPU
		{B2EC603C-538B-4626-B02A-ACC22F6D9071}.Release|Any CPU.Build.0 = Release|Any CPU
		{9BA7F097-B9DC-4889-B16D-C93A64E645B0}.Debug|Any CPU.ActiveCfg = Debug|Any CPU
		{9BA7F097-B9DC-4889-B16D-C93A64E645B0}.Debug|Any CPU.Build.0 = Debug|Any CPU
		{9BA7F097-B9DC-4889-B16D-C93A64E645B0}.Release|Any CPU.ActiveCfg = Release|Any CPU
		{9BA7F097-B9DC-4889-B16D-C93A64E645B0}.Release|Any CPU.Build.0 = Release|Any CPU
		{EAADC2D6-17EA-449B-96B4-A146CCBB5511}.Debug|Any CPU.ActiveCfg = Debug|Any CPU
		{EAADC2D6-17EA-449B-96B4-A146CCBB5511}.Debug|Any CPU.Build.0 = Debug|Any CPU
		{EAADC2D6-17EA-449B-96B4-A146CCBB5511}.Release|Any CPU.ActiveCfg = Release|Any CPU
		{EAADC2D6-17EA-449B-96B4-A146CCBB5511}.Release|Any CPU.Build.0 = Release|Any CPU
		{1553723A-04FC-49C6-B8C6-0493DF844ADD}.Debug|Any CPU.ActiveCfg = Debug|Any CPU
		{1553723A-04FC-49C6-B8C6-0493DF844ADD}.Debug|Any CPU.Build.0 = Debug|Any CPU
		{1553723A-04FC-49C6-B8C6-0493DF844ADD}.Release|Any CPU.ActiveCfg = Release|Any CPU
		{1553723A-04FC-49C6-B8C6-0493DF844ADD}.Release|Any CPU.Build.0 = Release|Any CPU
	EndGlobalSection
	GlobalSection(SolutionProperties) = preSolution
		HideSolutionNode = FALSE
	EndGlobalSection
	GlobalSection(NestedProjects) = preSolution
		{48569113-1263-42EB-BEBF-E5E295E5A89C} = {A9814E1B-FA68-4DB7-B67E-F2977A7B1329}
		{D645A1A3-A67C-488C-9163-84564AEA82BD} = {A9814E1B-FA68-4DB7-B67E-F2977A7B1329}
		{1932E431-EF5B-4AD3-8B8C-85B3970180EA} = {A9814E1B-FA68-4DB7-B67E-F2977A7B1329}
		{3E8C3711-AC1C-4192-AEE8-86DE182FA365} = {A9814E1B-FA68-4DB7-B67E-F2977A7B1329}
		{BB60813A-CE44-4743-962E-F8AE83061BE0} = {A9814E1B-FA68-4DB7-B67E-F2977A7B1329}
		{9B9EF6B3-E0B4-43C0-96AF-DC268FF47E95} = {D645A1A3-A67C-488C-9163-84564AEA82BD}
		{647CD88A-E851-436C-A92D-F9D2A57A2E51} = {1932E431-EF5B-4AD3-8B8C-85B3970180EA}
		{7563A878-D123-473E-9800-9FB70A30DFC1} = {9C911791-98F9-45CC-813D-7B73EE821AB9}
		{9EBC9551-C237-4488-953A-0574901490A3} = {4A74C5D2-2B6D-4285-97EE-266FDDEC1175}
		{C50145E6-A244-4F1F-B41F-90D1925B4A00} = {085A25A7-0BDC-4468-861F-ADDFCAA7B013}
		{B2EC603C-538B-4626-B02A-ACC22F6D9071} = {085A25A7-0BDC-4468-861F-ADDFCAA7B013}
		{9BA7F097-B9DC-4889-B16D-C93A64E645B0} = {085A25A7-0BDC-4468-861F-ADDFCAA7B013}
		{985D7C28-17D3-44C6-A98A-3E692AA8BC50} = {ABBF3825-DE6D-4A81-BD25-2AE3FDAEA487}
		{EAADC2D6-17EA-449B-96B4-A146CCBB5511} = {3E8C3711-AC1C-4192-AEE8-86DE182FA365}
		{1553723A-04FC-49C6-B8C6-0493DF844ADD} = {BB60813A-CE44-4743-962E-F8AE83061BE0}
	EndGlobalSection
EndGlobal
